
Microsoft Visual Studio Solution File, Format Version 12.00
# Visual Studio Version 17
VisualStudioVersion = 17.14.36811.4 d17.14
MinimumVisualStudioVersion = 10.0.40219.1
Project("{FAE04EC0-301F-11D3-BF4B-00C04F79EFBC}") = "WebApplication1", "WebApplication1.csproj", "{DE839D94-B3F5-44AB-9DD7-1D82075D203E}"
EndProject
Global
	GlobalSection(SolutionConfigurationPlatforms) = preSolution
		Debug|Any CPU = Debug|Any CPU
		Release|Any CPU = Release|Any CPU
	EndGlobalSection
	GlobalSection(ProjectConfigurationPlatforms) = postSolution
		{DE839D94-B3F5-44AB-9DD7-1D82075D203E}.Debug|Any CPU.ActiveCfg = Debug|Any CPU
		{DE839D94-B3F5-44AB-9DD7-1D82075D203E}.Debug|Any CPU.Build.0 = Debug|Any CPU
		{DE839D94-B3F5-44AB-9DD7-1D82075D203E}.Release|Any CPU.ActiveCfg = Release|Any CPU
		{DE839D94-B3F5-44AB-9DD7-1D82075D203E}.Release|Any CPU.Build.0 = Release|Any CPU
	EndGlobalSection
	GlobalSection(SolutionProperties) = preSolution
		HideSolutionNode = FALSE
	EndGlobalSection
	GlobalSection(ExtensibilityGlobals) = postSolution
		SolutionGuid = {39C27BF3-1618-46FB-B5DF-CD4E4A8BEC92}
	EndGlobalSection
EndGlobal
